
Microsoft Visual Studio Solution File, Format Version 12.00
# Visual Studio Version 16
VisualStudioVersion = 16.0.31321.278
MinimumVisualStudioVersion = 10.0.40219.1
Project("{FAE04EC0-301F-11D3-BF4B-00C04F79EFBC}") = "ReservationVol", "ReservationVol.csproj", "{CFE2A872-8D19-4F55-B79F-5C05B4FAEF08}"
EndProject
Global
	GlobalSection(SolutionConfigurationPlatforms) = preSolution
		Debug|Any CPU = Debug|Any CPU
		Release|Any CPU = Release|Any CPU
	EndGlobalSection
	GlobalSection(ProjectConfigurationPlatforms) = postSolution
		{CFE2A872-8D19-4F55-B79F-5C05B4FAEF08}.Debug|Any CPU.ActiveCfg = Debug|Any CPU
		{CFE2A872-8D19-4F55-B79F-5C05B4FAEF08}.Debug|Any CPU.Build.0 = Debug|Any CPU
		{CFE2A872-8D19-4F55-B79F-5C05B4FAEF08}.Release|Any CPU.ActiveCfg = Release|Any CPU
		{CFE2A872-8D19-4F55-B79F-5C05B4FAEF08}.Release|Any CPU.Build.0 = Release|Any CPU
	EndGlobalSection
	GlobalSection(SolutionProperties) = preSolution
		HideSolutionNode = FALSE
	EndGlobalSection
	GlobalSection(ExtensibilityGlobals) = postSolution
		SolutionGuid = {01D4575B-804A-4616-B018-E68F9454A94A}
	EndGlobalSection
EndGlobal
